{
	"info": {
		"_postman_id": "17c13e63-c0a0-4abb-af5c-e323ba029b7e",
		"name": "Payon",
		"schema": "https://schema.getpostman.com/json/collection/v2.1.0/collection.json",
		"_exporter_id": "23409410"
	},
	"item": [
		{
			"name": "Client",
			"item": [
				{
					"name": "Categories",
					"item": [
						{
							"name": "Get All",
							"request": {
								"auth": {
									"type": "bearer",
									"bearer": [
										{
											"key": "token",
											"value": "{{AUTH_TOKEN}}",
											"type": "string"
										}
									]
								},
								"method": "GET",
								"header": [
									{
										"key": "Accept",
										"value": "application/json",
										"type": "text"
									}
								],
								"url": {
									"raw": "{{BaseURL}}api/categories",
									"host": [
										"{{BaseURL}}api"
									],
									"path": [
										"categories"
									]
								}
							},
							"response": []
						},
						{
							"name": "Get Single",
							"request": {
								"auth": {
									"type": "bearer",
									"bearer": [
										{
											"key": "token",
											"value": "{{AUTH_TOKEN}}",
											"type": "string"
										}
									]
								},
								"method": "GET",
								"header": [
									{
										"key": "Accept",
										"value": "application/json",
										"type": "text"
									},
									{
										"key": "Authorization",
										"value": "Bearer 1|hCUC4bRJlmSvAUhRr2xlIKbRDZljuXfLQOJqwsHofc4686b1",
										"type": "text",
										"disabled": true
									}
								],
								"url": {
									"raw": "{{BaseURL}}api/categories/1",
									"host": [
										"{{BaseURL}}api"
									],
									"path": [
										"categories",
										"1"
									]
								}
							},
							"response": []
						},
						{
							"name": "Create",
							"request": {
								"auth": {
									"type": "bearer",
									"bearer": [
										{
											"key": "token",
											"value": "{{AUTH_TOKEN}}",
											"type": "string"
										}
									]
								},
								"method": "POST",
								"header": [],
								"body": {
									"mode": "formdata",
									"formdata": [
										{
											"key": "name",
											"value": "Burgers",
											"type": "text"
										},
										{
											"key": "description",
											"value": "This is best burger in town.",
											"type": "text"
										},
										{
											"key": "image",
											"type": "file",
											"src": "/C:/Users/zeesh/Downloads/User Profile.png",
											"disabled": true
										}
									]
								},
								"url": {
									"raw": "{{BaseURL}}api/categories",
									"host": [
										"{{BaseURL}}api"
									],
									"path": [
										"categories"
									]
								}
							},
							"response": []
						},
						{
							"name": "Update",
							"request": {
								"auth": {
									"type": "bearer",
									"bearer": [
										{
											"key": "token",
											"value": "{{AUTH_TOKEN}}",
											"type": "string"
										}
									]
								},
								"method": "PUT",
								"header": [],
								"body": {
									"mode": "raw",
									"raw": "{\r\n    \"name\": \"Wraps\"\r\n}",
									"options": {
										"raw": {
											"language": "json"
										}
									}
								},
								"url": {
									"raw": "{{BaseURL}}api/categories/2",
									"host": [
										"{{BaseURL}}api"
									],
									"path": [
										"categories",
										"2"
									]
								}
							},
							"response": []
						},
						{
							"name": "Delete",
							"request": {
								"auth": {
									"type": "bearer",
									"bearer": [
										{
											"key": "token",
											"value": "{{AUTH_TOKEN}}",
											"type": "string"
										}
									]
								},
								"method": "DELETE",
								"header": [],
								"url": {
									"raw": "{{BaseURL}}api/categories/1",
									"host": [
										"{{BaseURL}}api"
									],
									"path": [
										"categories",
										"1"
									]
								}
							},
							"response": []
						}
					]
				},
				{
					"name": "Products",
					"item": [
						{
							"name": "Get All",
							"request": {
								"auth": {
									"type": "bearer",
									"bearer": [
										{
											"key": "token",
											"value": "{{AUTH_TOKEN}}",
											"type": "string"
										}
									]
								},
								"method": "GET",
								"header": [
									{
										"key": "Accept",
										"value": "application/json",
										"type": "text"
									}
								],
								"url": {
									"raw": "{{BaseURL}}api/products",
									"host": [
										"{{BaseURL}}api"
									],
									"path": [
										"products"
									]
								}
							},
							"response": []
						},
						{
							"name": "Get Single",
							"request": {
								"method": "GET",
								"header": [
									{
										"key": "Accept",
										"value": "application/json",
										"type": "text"
									},
									{
										"key": "Auth",
										"value": "",
										"type": "text"
									}
								],
								"url": {
									"raw": "{{BaseURL}}api/products/4",
									"host": [
										"{{BaseURL}}api"
									],
									"path": [
										"products",
										"4"
									]
								}
							},
							"response": []
						},
						{
							"name": "Create",
							"request": {
								"auth": {
									"type": "bearer",
									"bearer": [
										{
											"key": "token",
											"value": "{{AUTH_TOKEN}}",
											"type": "string"
										}
									]
								},
								"method": "POST",
								"header": [
									{
										"key": "Accept",
										"value": "application/json",
										"type": "text"
									}
								],
								"body": {
									"mode": "formdata",
									"formdata": [
										{
											"key": "name",
											"value": "Dummy Product",
											"type": "text"
										},
										{
											"key": "description",
											"value": "Dummy Description just for testing",
											"type": "text"
										},
										{
											"key": "category_id",
											"value": "2",
											"type": "text"
										},
										{
											"key": "ingredients",
											"value": "milk, almonds",
											"type": "text"
										},
										{
											"key": "image",
											"type": "file",
											"src": "/C:/Users/zeesh/Downloads/User Profile.png"
										},
										{
											"key": "price",
											"value": "100",
											"type": "text"
										}
									]
								},
								"url": {
									"raw": "{{BaseURL}}api/products",
									"host": [
										"{{BaseURL}}api"
									],
									"path": [
										"products"
									]
								}
							},
							"response": []
						},
						{
							"name": "Update",
							"request": {
								"method": "PUT",
								"header": [],
								"body": {
									"mode": "raw",
									"raw": "{\r\n    \"name\": \"Wraps\"\r\n}",
									"options": {
										"raw": {
											"language": "json"
										}
									}
								},
								"url": {
									"raw": "{{BaseURL}}api/products/4",
									"host": [
										"{{BaseURL}}api"
									],
									"path": [
										"products",
										"4"
									]
								}
							},
							"response": []
						},
						{
							"name": "Delete",
							"request": {
								"method": "DELETE",
								"header": [
									{
										"key": "Accept",
										"value": "application/json",
										"type": "text"
									}
								],
								"url": {
									"raw": "{{BaseURL}}api/products/4",
									"host": [
										"{{BaseURL}}api"
									],
									"path": [
										"products",
										"4"
									]
								}
							},
							"response": []
						}
					]
				},
				{
					"name": "Addons",
					"item": [
						{
							"name": "Get All",
							"request": {
								"method": "GET",
								"header": [],
								"url": {
									"raw": "{{BaseURL}}api/addons",
									"host": [
										"{{BaseURL}}api"
									],
									"path": [
										"addons"
									]
								}
							},
							"response": []
						},
						{
							"name": "Get Single",
							"request": {
								"method": "GET",
								"header": [],
								"url": {
									"raw": "{{BaseURL}}api/addons",
									"host": [
										"{{BaseURL}}api"
									],
									"path": [
										"addons"
									]
								}
							},
							"response": []
						},
						{
							"name": "Create",
							"request": {
								"method": "POST",
								"header": [],
								"url": {
									"raw": "{{BaseURL}}api/addons",
									"host": [
										"{{BaseURL}}api"
									],
									"path": [
										"addons"
									]
								}
							},
							"response": []
						},
						{
							"name": "Update",
							"request": {
								"method": "PUT",
								"header": [],
								"body": {
									"mode": "raw",
									"raw": "{\r\n    \"name\": \"Pizza\"\r\n}",
									"options": {
										"raw": {
											"language": "json"
										}
									}
								},
								"url": {
									"raw": "{{BaseURL}}api/addons/2",
									"host": [
										"{{BaseURL}}api"
									],
									"path": [
										"addons",
										"2"
									]
								}
							},
							"response": []
						},
						{
							"name": "Delete",
							"request": {
								"method": "DELETE",
								"header": [],
								"url": {
									"raw": "{{BaseURL}}api/addons/2",
									"host": [
										"{{BaseURL}}api"
									],
									"path": [
										"addons",
										"2"
									]
								}
							},
							"response": []
						}
					]
				},
				{
					"name": "User",
					"item": [
						{
							"name": "Login",
							"event": [
								{
									"listen": "test",
									"script": {
										"exec": [
											"// Parse the response body as JSON\r",
											"var responseBody = pm.response.json();\r",
											"\r",
											"// Check if the response contains a token\r",
											"if (responseBody && responseBody.data.token) {\r",
											"    // Extract the token from the response\r",
											"    var authToken =  responseBody.data.token;\r",
											"\r",
											"    // Set the token to a variable in the collection folder\r",
											"    pm.collectionVariables.set(\"AUTH_TOKEN\", authToken);\r",
											"\r",
											"    // Log the token for verification\r",
											"    console.log(\"Authentication Token:\", authToken);\r",
											"} else {\r",
											"    // Handle the case where the token is not present in the response\r",
											"    console.error(\"No authentication token found in the response.\");\r",
											"}\r",
											""
										],
										"type": "text/javascript"
									}
								}
							],
							"request": {
								"method": "POST",
								"header": [],
								"body": {
									"mode": "raw",
									"raw": "{\r\n    \"email\": \"test@example.com\",\r\n    \"password\": \"password\"\r\n}",
									"options": {
										"raw": {
											"language": "json"
										}
									}
								},
								"url": {
									"raw": "{{BaseURL}}api/auth/login",
									"host": [
										"{{BaseURL}}api"
									],
									"path": [
										"auth",
										"login"
									],
									"query": [
										{
											"key": "email",
											"value": "test@example.com",
											"disabled": true
										},
										{
											"key": "password",
											"value": "test12345",
											"disabled": true
										}
									]
								}
							},
							"response": []
						},
						{
							"name": "Register",
							"request": {
								"method": "POST",
								"header": [
									{
										"key": "Accept",
										"value": "application/json",
										"type": "text"
									}
								],
								"body": {
									"mode": "formdata",
									"formdata": [
										{
											"key": "name",
											"value": "Zeeshan",
											"type": "text"
										},
										{
											"key": "email",
											"value": "zeeshan@gmail.com",
											"type": "text"
										},
										{
											"key": "role",
											"value": "client",
											"description": "admin | client",
											"type": "text"
										},
										{
											"key": "image",
											"type": "file",
											"src": []
										},
										{
											"key": "password",
											"value": "password",
											"type": "text"
										}
									]
								},
								"url": {
									"raw": "{{BaseURL}}api/auth/register",
									"host": [
										"{{BaseURL}}api"
									],
									"path": [
										"auth",
										"register"
									]
								}
							},
							"response": []
						},
						{
							"name": "Logout",
							"request": {
								"auth": {
									"type": "bearer",
									"bearer": [
										{
											"key": "token",
											"value": "{{AUTH_TOKEN}}",
											"type": "string"
										}
									]
								},
								"method": "POST",
								"header": [
									{
										"key": "Accept",
										"value": "application/json",
										"type": "text"
									}
								],
								"url": {
									"raw": "{{BaseURL}}api/auth/logout",
									"host": [
										"{{BaseURL}}api"
									],
									"path": [
										"auth",
										"logout"
									]
								}
							},
							"response": []
						},
						{
							"name": "Get User",
							"request": {
								"method": "GET",
								"header": [],
								"url": {
									"raw": "{{BaseURL}}api/auth/user",
									"host": [
										"{{BaseURL}}api"
									],
									"path": [
										"auth",
										"user"
									]
								}
							},
							"response": []
						}
					]
				},
				{
					"name": "Restuarant",
					"item": [
						{
							"name": "Get All",
							"request": {
								"method": "GET",
								"header": [],
								"url": {
									"raw": "{{BaseURL}}api/restaurant",
									"host": [
										"{{BaseURL}}api"
									],
									"path": [
										"restaurant"
									]
								}
							},
							"response": []
						},
						{
							"name": "Get Single",
							"request": {
								"method": "GET",
								"header": []
							},
							"response": []
						},
						{
							"name": "Create",
							"request": {
								"method": "POST",
								"header": [],
								"url": {
									"raw": "{{BaseURL}}api/restaurant",
									"host": [
										"{{BaseURL}}api"
									],
									"path": [
										"restaurant"
									]
								}
							},
							"response": []
						},
						{
							"name": "Update",
							"request": {
								"method": "PUT",
								"header": [],
								"body": {
									"mode": "raw",
									"raw": "{\r\n    \"phone\": \"923024109154\"\r\n}",
									"options": {
										"raw": {
											"language": "json"
										}
									}
								},
								"url": {
									"raw": "{{BaseURL}}api/restaurant/1",
									"host": [
										"{{BaseURL}}api"
									],
									"path": [
										"restaurant",
										"1"
									]
								}
							},
							"response": []
						},
						{
							"name": "Delete",
							"request": {
								"method": "DELETE",
								"header": [],
								"url": {
									"raw": "{{BaseURL}}api/restaurant/4",
									"host": [
										"{{BaseURL}}api"
									],
									"path": [
										"restaurant",
										"4"
									]
								}
							},
							"response": []
						}
					]
				}
			]
		},
		{
			"name": "Customer",
			"item": [
				{
					"name": "Get Data",
					"request": {
						"auth": {
							"type": "bearer",
							"bearer": [
								{
									"key": "token",
									"value": "{{AUTH_TOKEN}}",
									"type": "string"
								}
							]
						},
						"method": "GET",
						"header": [],
						"url": {
							"raw": "{{BaseURL}}api/customer/data",
							"host": [
								"{{BaseURL}}api"
							],
							"path": [
								"customer",
								"data"
							]
						}
					},
					"response": []
				}
			]
		},
		{
			"name": "New Request",
			"request": {
				"method": "GET",
				"header": []
			},
			"response": []
		}
	],
	"auth": {
		"type": "bearer",
		"bearer": [
			{
				"key": "token",
				"value": "{{AUTH_TOKEN}}",
				"type": "string"
			}
		]
	},
	"event": [
		{
			"listen": "prerequest",
			"script": {
				"type": "text/javascript",
				"exec": [
					""
				]
			}
		},
		{
			"listen": "test",
			"script": {
				"type": "text/javascript",
				"exec": [
					""
				]
			}
		}
	],
	"variable": [
		{
			"key": "BaseURL",
			"value": "http://127.0.0.1:8000/",
			"type": "string"
		},
		{
			"key": "AUTH_TOKEN",
			"value": ""
		}
	]
}